
Microsoft Visual Studio Solution File, Format Version 12.00
# Visual Studio Version 17
VisualStudioVersion = 17.7.34031.279
MinimumVisualStudioVersion = 10.0.40219.1
Project("{FAE04EC0-301F-11D3-BF4B-00C04F79EFBC}") = "EZedNEV", "EZedNEV\EZedNEV.csproj", "{AC0D84CF-959B-49A8-8E66-AC9EE8E11617}"
EndProject
Global
	GlobalSection(SolutionConfigurationPlatforms) = preSolution
		Debug|Any CPU = Debug|Any CPU
		Release|Any CPU = Release|Any CPU
	EndGlobalSection
	GlobalSection(ProjectConfigurationPlatforms) = postSolution
		{AC0D84CF-959B-49A8-8E66-AC9EE8E11617}.Debug|Any CPU.ActiveCfg = Debug|Any CPU
		{AC0D84CF-959B-49A8-8E66-AC9EE8E11617}.Debug|Any CPU.Build.0 = Debug|Any CPU
		{AC0D84CF-959B-49A8-8E66-AC9EE8E11617}.Release|Any CPU.ActiveCfg = Release|Any CPU
		{AC0D84CF-959B-49A8-8E66-AC9EE8E11617}.Release|Any CPU.Build.0 = Release|Any CPU
	EndGlobalSection
	GlobalSection(SolutionProperties) = preSolution
		HideSolutionNode = FALSE
	EndGlobalSection
	GlobalSection(ExtensibilityGlobals) = postSolution
		SolutionGuid = {67B2B091-F1FD-41C1-A922-5B49421237FF}
	EndGlobalSection
EndGlobal
